
Microsoft Visual Studio Solution File, Format Version 12.00
# Visual Studio Version 16
VisualStudioVersion = 16.0.30711.63
MinimumVisualStudioVersion = 10.0.40219.1
Project("{FAE04EC0-301F-11D3-BF4B-00C04F79EFBC}") = "RuilwinkelVerhuur", "RuilwinkelVerhuur\RuilwinkelVerhuur.csproj", "{A8073344-7DBA-49AB-A06F-4B0D8CE7A971}"
EndProject
Global
	GlobalSection(SolutionConfigurationPlatforms) = preSolution
		Debug|Any CPU = Debug|Any CPU
		Release|Any CPU = Release|Any CPU
	EndGlobalSection
	GlobalSection(ProjectConfigurationPlatforms) = postSolution
		{A8073344-7DBA-49AB-A06F-4B0D8CE7A971}.Debug|Any CPU.ActiveCfg = Debug|Any CPU
		{A8073344-7DBA-49AB-A06F-4B0D8CE7A971}.Debug|Any CPU.Build.0 = Debug|Any CPU
		{A8073344-7DBA-49AB-A06F-4B0D8CE7A971}.Release|Any CPU.ActiveCfg = Release|Any CPU
		{A8073344-7DBA-49AB-A06F-4B0D8CE7A971}.Release|Any CPU.Build.0 = Release|Any CPU
	EndGlobalSection
	GlobalSection(SolutionProperties) = preSolution
		HideSolutionNode = FALSE
	EndGlobalSection
	GlobalSection(ExtensibilityGlobals) = postSolution
		SolutionGuid = {D8A917A3-DF35-4167-86A9-0515C69A72FC}
	EndGlobalSection
EndGlobal
